
Microsoft Visual Studio Solution File, Format Version 12.00
# Visual Studio Version 17
VisualStudioVersion = 17.4.33213.308
MinimumVisualStudioVersion = 10.0.40219.1
Project("{FAE04EC0-301F-11D3-BF4B-00C04F79EFBC}") = "ListaDeTareas", "ListaDeTareas\ListaDeTareas.csproj", "{31E9C0CD-8697-4DFC-A9DD-88F3F6C2EC9C}"
EndProject
Project("{FAE04EC0-301F-11D3-BF4B-00C04F79EFBC}") = "ListaDeTareas.Data", "ListaDeTareas.Data\ListaDeTareas.Data.csproj", "{87BC3481-E77E-4DEC-AA5B-E27DA410EE70}"
EndProject
Project("{FAE04EC0-301F-11D3-BF4B-00C04F79EFBC}") = "ListaDeTareas.Model", "ListaDeTareas.Model\ListaDeTareas.Model.csproj", "{BA0F0864-CF31-4245-9C0A-95BF776C6C34}"
EndProject
Global
	GlobalSection(SolutionConfigurationPlatforms) = preSolution
		Debug|Any CPU = Debug|Any CPU
		Release|Any CPU = Release|Any CPU
	EndGlobalSection
	GlobalSection(ProjectConfigurationPlatforms) = postSolution
		{31E9C0CD-8697-4DFC-A9DD-88F3F6C2EC9C}.Debug|Any CPU.ActiveCfg = Debug|Any CPU
		{31E9C0CD-8697-4DFC-A9DD-88F3F6C2EC9C}.Debug|Any CPU.Build.0 = Debug|Any CPU
		{31E9C0CD-8697-4DFC-A9DD-88F3F6C2EC9C}.Release|Any CPU.ActiveCfg = Release|Any CPU
		{31E9C0CD-8697-4DFC-A9DD-88F3F6C2EC9C}.Release|Any CPU.Build.0 = Release|Any CPU
		{87BC3481-E77E-4DEC-AA5B-E27DA410EE70}.Debug|Any CPU.ActiveCfg = Debug|Any CPU
		{87BC3481-E77E-4DEC-AA5B-E27DA410EE70}.Debug|Any CPU.Build.0 = Debug|Any CPU
		{87BC3481-E77E-4DEC-AA5B-E27DA410EE70}.Release|Any CPU.ActiveCfg = Release|Any CPU
		{87BC3481-E77E-4DEC-AA5B-E27DA410EE70}.Release|Any CPU.Build.0 = Release|Any CPU
		{BA0F0864-CF31-4245-9C0A-95BF776C6C34}.Debug|Any CPU.ActiveCfg = Debug|Any CPU
		{BA0F0864-CF31-4245-9C0A-95BF776C6C34}.Debug|Any CPU.Build.0 = Debug|Any CPU
		{BA0F0864-CF31-4245-9C0A-95BF776C6C34}.Release|Any CPU.ActiveCfg = Release|Any CPU
		{BA0F0864-CF31-4245-9C0A-95BF776C6C34}.Release|Any CPU.Build.0 = Release|Any CPU
	EndGlobalSection
	GlobalSection(SolutionProperties) = preSolution
		HideSolutionNode = FALSE
	EndGlobalSection
	GlobalSection(ExtensibilityGlobals) = postSolution
		SolutionGuid = {519629C0-8D6E-44C6-A7CC-BD2EF65A2938}
	EndGlobalSection
EndGlobal
